
Microsoft Visual Studio Solution File, Format Version 12.00
# Visual Studio Version 17
VisualStudioVersion = 17.0.32112.339
MinimumVisualStudioVersion = 10.0.40219.1
Project("{FAE04EC0-301F-11D3-BF4B-00C04F79EFBC}") = "CosmosDbCrud", "CosmosDbCrud.csproj", "{9D297F3B-5B6D-4E86-95F0-E95A6B1414B6}"
EndProject
Global
	GlobalSection(SolutionConfigurationPlatforms) = preSolution
		Debug|Any CPU = Debug|Any CPU
		Release|Any CPU = Release|Any CPU
	EndGlobalSection
	GlobalSection(ProjectConfigurationPlatforms) = postSolution
		{9D297F3B-5B6D-4E86-95F0-E95A6B1414B6}.Debug|Any CPU.ActiveCfg = Debug|Any CPU
		{9D297F3B-5B6D-4E86-95F0-E95A6B1414B6}.Debug|Any CPU.Build.0 = Debug|Any CPU
		{9D297F3B-5B6D-4E86-95F0-E95A6B1414B6}.Release|Any CPU.ActiveCfg = Release|Any CPU
		{9D297F3B-5B6D-4E86-95F0-E95A6B1414B6}.Release|Any CPU.Build.0 = Release|Any CPU
	EndGlobalSection
	GlobalSection(SolutionProperties) = preSolution
		HideSolutionNode = FALSE
	EndGlobalSection
	GlobalSection(ExtensibilityGlobals) = postSolution
		SolutionGuid = {A8CA8968-F8D7-4D39-8ACF-562642810A07}
	EndGlobalSection
EndGlobal
